
Microsoft Visual Studio Solution File, Format Version 12.00
# Visual Studio Version 16
VisualStudioVersion = 16.0.31025.109
MinimumVisualStudioVersion = 10.0.40219.1
Project("{9A19103F-16F7-4668-BE54-9A1E7A4F7556}") = "WebApplication8", "WebApplication8\WebApplication8.csproj", "{3FAC8106-D2B8-44A5-BA8D-B31BD5011E42}"
EndProject
Global
	GlobalSection(SolutionConfigurationPlatforms) = preSolution
		Debug|Any CPU = Debug|Any CPU
		Release|Any CPU = Release|Any CPU
	EndGlobalSection
	GlobalSection(ProjectConfigurationPlatforms) = postSolution
		{3FAC8106-D2B8-44A5-BA8D-B31BD5011E42}.Debug|Any CPU.ActiveCfg = Debug|Any CPU
		{3FAC8106-D2B8-44A5-BA8D-B31BD5011E42}.Debug|Any CPU.Build.0 = Debug|Any CPU
		{3FAC8106-D2B8-44A5-BA8D-B31BD5011E42}.Release|Any CPU.ActiveCfg = Release|Any CPU
		{3FAC8106-D2B8-44A5-BA8D-B31BD5011E42}.Release|Any CPU.Build.0 = Release|Any CPU
	EndGlobalSection
	GlobalSection(SolutionProperties) = preSolution
		HideSolutionNode = FALSE
	EndGlobalSection
	GlobalSection(ExtensibilityGlobals) = postSolution
		SolutionGuid = {C1477EDD-7812-4B1C-90C4-F55766B12AB7}
	EndGlobalSection
EndGlobal
